
Microsoft Visual Studio Solution File, Format Version 12.00
# Visual Studio 15
VisualStudioVersion = 15.0.27130.2036
MinimumVisualStudioVersion = 10.0.40219.1
Project("{E24C65DC-7377-472B-9ABA-BC803B73C61A}") = "GIS-Map-Interactive", ".", "{7075C41A-C3A8-4C13-9C0B-5FE3EF7A2EA8}"
	ProjectSection(WebsiteProperties) = preProject
		TargetFrameworkMoniker = ".NETFramework,Version%3Dv4.0"
		Debug.AspNetCompiler.VirtualPath = "/localhost_56290"
		Debug.AspNetCompiler.PhysicalPath = "..\GIS-Map-Interactive\"
		Debug.AspNetCompiler.TargetPath = "PrecompiledWeb\localhost_56290\"
		Debug.AspNetCompiler.Updateable = "true"
		Debug.AspNetCompiler.ForceOverwrite = "true"
		Debug.AspNetCompiler.FixedNames = "false"
		Debug.AspNetCompiler.Debug = "True"
		Release.AspNetCompiler.VirtualPath = "/localhost_56290"
		Release.AspNetCompiler.PhysicalPath = "..\GIS-Map-Interactive\"
		Release.AspNetCompiler.TargetPath = "PrecompiledWeb\localhost_56290\"
		Release.AspNetCompiler.Updateable = "true"
		Release.AspNetCompiler.ForceOverwrite = "true"
		Release.AspNetCompiler.FixedNames = "false"
		Release.AspNetCompiler.Debug = "False"
		VWDPort = "56290"
	EndProjectSection
EndProject
Global
	GlobalSection(SolutionConfigurationPlatforms) = preSolution
		Debug|Any CPU = Debug|Any CPU
	EndGlobalSection
	GlobalSection(ProjectConfigurationPlatforms) = postSolution
		{7075C41A-C3A8-4C13-9C0B-5FE3EF7A2EA8}.Debug|Any CPU.ActiveCfg = Debug|Any CPU
		{7075C41A-C3A8-4C13-9C0B-5FE3EF7A2EA8}.Debug|Any CPU.Build.0 = Debug|Any CPU
	EndGlobalSection
	GlobalSection(SolutionProperties) = preSolution
		HideSolutionNode = FALSE
	EndGlobalSection
	GlobalSection(ExtensibilityGlobals) = postSolution
		SolutionGuid = {06E000CC-66A9-4C43-B4C0-69D749251058}
	EndGlobalSection
EndGlobal
